lockVersion: 2.0.0
id: 5ddbfd0c-61bc-491a-bd4c-193806d0630f
management:
  docChecksum: 806deb7a84cf079eb1c40872614650d1
  docVersion: 1.0.0
  speakeasyVersion: internal
  generationVersion: 2.253.0
  releaseVersion: 0.4.2
  configChecksum: 3b23f3ca389df157577a86c436c84c69
  repoURL: https://github.com/speakeasy-sdks/Census-sample-sdk.git
  repoSubDirectory: .
  installationURL: https://github.com/speakeasy-sdks/Census-sample-sdk
features:
  typescript:
    core: 3.4.6
    flattening: 2.81.1
    globalSecurity: 2.82.2
    globalServerURLs: 2.82.1
    groups: 2.81.2
    nameOverrides: 2.81.1
generatedFiles:
  - src/sdk/connectors.ts
  - src/sdk/destinationsconnectlinks.ts
  - src/sdk/destinations.ts
  - src/sdk/sources.ts
  - src/sdk/segments.ts
  - src/sdk/models.ts
  - src/sdk/objects.ts
  - src/sdk/tables.ts
  - src/sdk/syncruns.ts
  - src/sdk/syncs.ts
  - src/sdk/sdk.ts
  - .eslintrc.yml
  - jest.config.js
  - package-lock.json
  - package.json
  - src/index.ts
  - src/internal/utils/contenttype.ts
  - src/internal/utils/headers.ts
  - src/internal/utils/index.ts
  - src/internal/utils/pathparams.ts
  - src/internal/utils/queryparams.ts
  - src/internal/utils/requestbody.ts
  - src/internal/utils/retries.ts
  - src/internal/utils/security.ts
  - src/internal/utils/utils.ts
  - src/sdk/index.ts
  - src/models/sdkerror.ts
  - src/types/index.ts
  - src/types/rfcdate.ts
  - tsconfig.json
  - src/models/fetchconnectorop.ts
  - src/models/connectorsfetch.ts
  - src/models/connector.ts
  - src/models/listconnectorsop.ts
  - src/models/connectorslist.ts
  - src/models/pagination.ts
  - src/models/order.ts
  - src/models/createdestinationconnectlinkop.ts
  - src/models/destinationsconnectcreate.ts
  - src/models/destinationconnectlink.ts
  - src/models/initialdestinationconnectlinkattributes.ts
  - src/models/fetchdestinationconnectlinkop.ts
  - src/models/destinationsconnectfetch.ts
  - src/models/listdestinationconnectlinksop.ts
  - src/models/destinationsconnectlist.ts
  - src/models/listdestinationconnectlinktypesop.ts
  - src/models/revokedestinationconnectlinkop.ts
  - src/models/destinationsconnectrevoke.ts
  - src/models/checkfieldrefreshop.ts
  - src/models/destinationscheckfield.ts
  - src/models/checkobjectrefreshop.ts
  - src/models/destinationscheckrefresh.ts
  - src/models/createdestinationop.ts
  - src/models/destination.ts
  - src/models/destinationobject.ts
  - src/models/fieldproperties.ts
  - src/models/configurabledestinationattributes.ts
  - src/models/deletedestinationop.ts
  - src/models/destinationsdelete.ts
  - src/models/fetchdestinationop.ts
  - src/models/destinationsfetch.ts
  - src/models/fetchdestinationobjectsop.ts
  - src/models/destinationsfetchobject.ts
  - src/models/listdestinationsop.ts
  - src/models/destinationslist.ts
  - src/models/listdestinationobjectsop.ts
  - src/models/destinationslistobject.ts
  - src/models/startfieldrefreshop.ts
  - src/models/destinationsstartfield.ts
  - src/models/startobjectrefreshop.ts
  - src/models/destinationsstartrefresh.ts
  - src/models/updatedestinationop.ts
  - src/models/destinationsupdate.ts
  - src/models/checktablerefreshop.ts
  - src/models/sourcescheckrefresh.ts
  - src/models/createsourceop.ts
  - src/models/sourcescreate.ts
  - src/models/source.ts
  - src/models/initialsourceattributes.ts
  - src/models/deletesourceop.ts
  - src/models/sourcesdelete.ts
  - src/models/fetchsourceop.ts
  - src/models/sourcesfetch.ts
  - src/models/listsourcesop.ts
  - src/models/sourceslist.ts
  - src/models/starttablerefreshop.ts
  - src/models/sourcesstartrefresh.ts
  - src/models/updatesourceop.ts
  - src/models/sourcesupdate.ts
  - src/models/configurablesourceattributes.ts
  - src/models/createsegmentop.ts
  - src/models/initialsegmentattributes.ts
  - src/models/deletesegmentop.ts
  - src/models/segmentsdelete.ts
  - src/models/fetchsegmentop.ts
  - src/models/segmentsfetch.ts
  - src/models/segment.ts
  - src/models/listsegmentsop.ts
  - src/models/segmentslist.ts
  - src/models/updatesegmentop.ts
  - src/models/segmentsupdate.ts
  - src/models/configurablesegmentattributes.ts
  - src/models/checkmodelscolumnrefreshop.ts
  - src/models/modelscheckrefresh.ts
  - src/models/createmodelop.ts
  - src/models/modelscreate.ts
  - src/models/model.ts
  - src/models/column.ts
  - src/models/initialmodelattributes.ts
  - src/models/deletemodelop.ts
  - src/models/modelsdelete.ts
  - src/models/fetchmodelop.ts
  - src/models/modelsfetch.ts
  - src/models/listmodelsop.ts
  - src/models/modelslist.ts
  - src/models/startmodelscolumnrefreshop.ts
  - src/models/modelsstartrefresh.ts
  - src/models/updatemodelop.ts
  - src/models/modelsupdate.ts
  - src/models/configurablemodelattributes.ts
  - src/models/listsourceobjectsop.ts
  - src/models/objectlistsources.ts
  - src/models/checktablescolumnrefreshop.ts
  - src/models/fetchtableop.ts
  - src/models/tablesfetch.ts
  - src/models/table.ts
  - src/models/starttablescolumnrefreshop.ts
  - src/models/refreshkey.ts
  - src/models/cancelsyncrunop.ts
  - src/models/syncrunscancel.ts
  - src/models/fetchsyncrunop.ts
  - src/models/syncrunsfetch.ts
  - src/models/syncrun.ts
  - src/models/synctriggerreason.ts
  - src/models/listsyncrunsop.ts
  - src/models/syncrunslist.ts
  - src/models/createsyncop.ts
  - src/models/synccreate.ts
  - src/models/syncattributes.ts
  - src/models/sourceattributes.ts
  - src/models/mappingattributes.ts
  - src/models/destinationattributes.ts
  - src/models/deletesyncop.ts
  - src/models/successfuldeleteresult.ts
  - src/models/fetchsyncop.ts
  - src/models/syncfetch.ts
  - src/models/sync.ts
  - src/models/listsyncsop.ts
  - src/models/synclist.ts
  - src/models/triggersyncop.ts
  - src/models/synctrigger.ts
  - src/models/updatesyncop.ts
  - src/models/syncupdate.ts
  - src/models/invitation.ts
  - src/models/security.ts
  - src/models/index.ts
  - docs/models/fetchconnectorrequest.md
  - docs/models/fetchconnectorresponse.md
  - docs/models/status.md
  - docs/models/connectorsfetch.md
  - docs/models/authmethod.md
  - docs/models/connectorschemastype.md
  - docs/models/inputtype.md
  - docs/models/connectortype.md
  - docs/models/fields.md
  - docs/models/configurationfields.md
  - docs/models/connector.md
  - docs/models/listconnectorsrequest.md
  - docs/models/listconnectorsresponse.md
  - docs/models/data.md
  - docs/models/connectorsliststatus.md
  - docs/models/connectorslist.md
  - docs/models/pagination.md
  - docs/models/order.md
  - docs/models/createdestinationconnectlinkresponse.md
  - docs/models/destinationsconnectcreatestatus.md
  - docs/models/destinationsconnectcreate.md
  - docs/models/destinationconnectlink.md
  - docs/models/initialdestinationconnectlinkattributes.md
  - docs/models/fetchdestinationconnectlinkrequest.md
  - docs/models/fetchdestinationconnectlinkstatus.md
  - docs/models/fetchdestinationconnectlinkresponsebody.md
  - docs/models/fetchdestinationconnectlinkresponse.md
  - docs/models/destinationsconnectfetchstatus.md
  - docs/models/destinationsconnectfetch.md
  - docs/models/listdestinationconnectlinksrequest.md
  - docs/models/listdestinationconnectlinksresponse.md
  - docs/models/destinationsconnectlistdata.md
  - docs/models/destinationsconnectliststatus.md
  - docs/models/destinationsconnectlist.md
  - docs/models/listdestinationconnectlinktypesresponse.md
  - docs/models/revokedestinationconnectlinkrequest.md
  - docs/models/revokedestinationconnectlinkstatus.md
  - docs/models/revokedestinationconnectlinkresponsebody.md
  - docs/models/revokedestinationconnectlinkresponse.md
  - docs/models/destinationsconnectrevoke.md
  - docs/models/checkfieldrefreshrequest.md
  - docs/models/checkfieldrefreshresponse.md
  - docs/models/destinationscheckfieldstatus.md
  - docs/models/destinationscheckfield.md
  - docs/models/checkobjectrefreshrequest.md
  - docs/models/checkobjectrefreshresponse.md
  - docs/models/destinationscheckrefreshstatus.md
  - docs/models/destinationscheckrefresh.md
  - docs/models/createdestinationstatus.md
  - docs/models/createdestinationresponsebody.md
  - docs/models/createdestinationresponse.md
  - docs/models/destination.md
  - docs/models/supportedoperations.md
  - docs/models/destinationobject.md
  - docs/models/operations.md
  - docs/models/fieldproperties.md
  - docs/models/credentials.md
  - docs/models/serviceconnection.md
  - docs/models/configurabledestinationattributes.md
  - docs/models/deletedestinationrequest.md
  - docs/models/deletedestinationresponse.md
  - docs/models/destinationsdelete.md
  - docs/models/fetchdestinationrequest.md
  - docs/models/fetchdestinationresponse.md
  - docs/models/destinationsfetchstatus.md
  - docs/models/destinationsfetch.md
  - docs/models/fetchdestinationobjectsrequest.md
  - docs/models/fetchdestinationobjectsresponse.md
  - docs/models/destinationsfetchobjectstatus.md
  - docs/models/destinationsfetchobject.md
  - docs/models/listdestinationsrequest.md
  - docs/models/listdestinationsresponse.md
  - docs/models/destinationslistdata.md
  - docs/models/destinationsliststatus.md
  - docs/models/destinationslist.md
  - docs/models/listdestinationobjectsrequest.md
  - docs/models/listdestinationobjectsresponse.md
  - docs/models/destinationslistobjectdata.md
  - docs/models/destinationslistobjectstatus.md
  - docs/models/destinationslistobject.md
  - docs/models/startfieldrefreshrequest.md
  - docs/models/startfieldrefreshresponse.md
  - docs/models/destinationsstartfield.md
  - docs/models/startobjectrefreshrequest.md
  - docs/models/startobjectrefreshresponse.md
  - docs/models/destinationsstartrefresh.md
  - docs/models/updatedestinationrequest.md
  - docs/models/updatedestinationresponse.md
  - docs/models/destinationsupdatestatus.md
  - docs/models/destinationsupdate.md
  - docs/models/checktablerefreshrequest.md
  - docs/models/checktablerefreshresponse.md
  - docs/models/sourcescheckrefreshstatus.md
  - docs/models/sourcescheckrefresh.md
  - docs/models/createsourceresponse.md
  - docs/models/sourcescreatestatus.md
  - docs/models/sourcescreate.md
  - docs/models/source.md
  - docs/models/initialsourceattributesconnection.md
  - docs/models/initialsourceattributes.md
  - docs/models/deletesourcerequest.md
  - docs/models/deletesourceresponse.md
  - docs/models/sourcesdelete.md
  - docs/models/fetchsourcerequest.md
  - docs/models/fetchsourceresponse.md
  - docs/models/sourcesfetchstatus.md
  - docs/models/sourcesfetch.md
  - docs/models/listsourcesrequest.md
  - docs/models/listsourcesresponse.md
  - docs/models/sourceslistdata.md
  - docs/models/sourcesliststatus.md
  - docs/models/sourceslist.md
  - docs/models/starttablerefreshrequest.md
  - docs/models/starttablerefreshresponse.md
  - docs/models/sourcesstartrefresh.md
  - docs/models/updatesourcerequest.md
  - docs/models/updatesourceresponse.md
  - docs/models/sourcesupdatestatus.md
  - docs/models/sourcesupdate.md
  - docs/models/connection.md
  - docs/models/configurablesourceattributes.md
  - docs/models/createsegmentrequest.md
  - docs/models/createsegmentdata.md
  - docs/models/createsegmentstatus.md
  - docs/models/createsegmentresponsebody.md
  - docs/models/createsegmentresponse.md
  - docs/models/initialsegmentattributes.md
  - docs/models/deletesegmentrequest.md
  - docs/models/deletesegmentresponse.md
  - docs/models/segmentsdelete.md
  - docs/models/fetchsegmentrequest.md
  - docs/models/fetchsegmentresponse.md
  - docs/models/segmentsfetchstatus.md
  - docs/models/segmentsfetch.md
  - docs/models/segmenttype.md
  - docs/models/segment.md
  - docs/models/listsegmentsrequest.md
  - docs/models/listsegmentsresponse.md
  - docs/models/segmentslistdata.md
  - docs/models/segmentsliststatus.md
  - docs/models/segmentslist.md
  - docs/models/updatesegmentrequest.md
  - docs/models/updatesegmentresponse.md
  - docs/models/segmentsupdatestatus.md
  - docs/models/segmentsupdate.md
  - docs/models/configurablesegmentattributes.md
  - docs/models/checkmodelscolumnrefreshrequest.md
  - docs/models/checkmodelscolumnrefreshresponse.md
  - docs/models/modelscheckrefreshstatus.md
  - docs/models/modelscheckrefresh.md
  - docs/models/createmodelrequest.md
  - docs/models/createmodelresponse.md
  - docs/models/modelscreatestatus.md
  - docs/models/modelscreate.md
  - docs/models/typet.md
  - docs/models/model.md
  - docs/models/column.md
  - docs/models/initialmodelattributes.md
  - docs/models/deletemodelrequest.md
  - docs/models/deletemodelresponse.md
  - docs/models/modelsdelete.md
  - docs/models/fetchmodelrequest.md
  - docs/models/fetchmodelresponse.md
  - docs/models/modelsfetchstatus.md
  - docs/models/modelsfetch.md
  - docs/models/listmodelsrequest.md
  - docs/models/listmodelsresponse.md
  - docs/models/modelslistdata.md
  - docs/models/modelsliststatus.md
  - docs/models/modelslist.md
  - docs/models/startmodelscolumnrefreshrequest.md
  - docs/models/startmodelscolumnrefreshresponse.md
  - docs/models/modelsstartrefresh.md
  - docs/models/updatemodelrequest.md
  - docs/models/updatemodelresponse.md
  - docs/models/modelsupdatestatus.md
  - docs/models/modelsupdate.md
  - docs/models/configurablemodelattributes.md
  - docs/models/listsourceobjectsrequest.md
  - docs/models/listsourceobjectsresponse.md
  - docs/models/objectlistsourcesdata.md
  - docs/models/objectlistsourcesstatus.md
  - docs/models/objectlistsources.md
  - docs/models/checktablescolumnrefreshrequest.md
  - docs/models/checktablescolumnrefreshstatus.md
  - docs/models/checktablescolumnrefreshresponsebody.md
  - docs/models/checktablescolumnrefreshresponse.md
  - docs/models/fetchtablerequest.md
  - docs/models/fetchtableresponse.md
  - docs/models/tablesfetchstatus.md
  - docs/models/tablesfetch.md
  - docs/models/tabletype.md
  - docs/models/table.md
  - docs/models/starttablescolumnrefreshrequest.md
  - docs/models/starttablescolumnrefreshresponse.md
  - docs/models/refreshkey.md
  - docs/models/cancelsyncrunrequest.md
  - docs/models/cancelsyncrunstatus.md
  - docs/models/cancelsyncrunresponsebody.md
  - docs/models/cancelsyncrunresponse.md
  - docs/models/syncrunscanceldata.md
  - docs/models/syncrunscancel.md
  - docs/models/fetchsyncrunrequest.md
  - docs/models/fetchsyncrunstatus.md
  - docs/models/fetchsyncrunresponsebody.md
  - docs/models/fetchsyncrunresponse.md
  - docs/models/syncrunsfetchstatus.md
  - docs/models/syncrunsfetch.md
  - docs/models/currentstep.md
  - docs/models/syncrunstatus.md
  - docs/models/syncrun.md
  - docs/models/synctriggerreason.md
  - docs/models/listsyncrunsrequest.md
  - docs/models/listsyncrunsresponse.md
  - docs/models/syncrunslistdata.md
  - docs/models/syncrunsliststatus.md
  - docs/models/syncrunslist.md
  - docs/models/createsyncresponse.md
  - docs/models/synccreatedata.md
  - docs/models/synccreatestatus.md
  - docs/models/synccreate.md
  - docs/models/syncattributesfieldnormalization.md
  - docs/models/syncattributeshighwatermarkattributes.md
  - docs/models/syncattributesoperation.md
  - docs/models/syncattributesscheduleday.md
  - docs/models/syncattributesschedulefrequency.md
  - docs/models/syncattributesdbtcloud.md
  - docs/models/syncattributesfivetran.md
  - docs/models/syncattributessyncsequence.md
  - docs/models/syncattributestriggers.md
  - docs/models/syncattributes.md
  - docs/models/sourceattributestype.md
  - docs/models/objectt.md
  - docs/models/sourceattributes.md
  - docs/models/mappingattributes.md
  - docs/models/destinationattributes.md
  - docs/models/deletesyncrequest.md
  - docs/models/deletesyncstatus.md
  - docs/models/deletesyncresponsebody.md
  - docs/models/deletesyncresponse.md
  - docs/models/successfuldeleteresultstatus.md
  - docs/models/successfuldeleteresult.md
  - docs/models/fetchsyncrequest.md
  - docs/models/fetchsyncstatus.md
  - docs/models/fetchsyncresponsebody.md
  - docs/models/fetchsyncresponse.md
  - docs/models/syncfetchstatus.md
  - docs/models/syncfetch.md
  - docs/models/fieldnormalization.md
  - docs/models/highwatermarkattributes.md
  - docs/models/operation.md
  - docs/models/scheduleday.md
  - docs/models/schedulefrequency.md
  - docs/models/syncstatus.md
  - docs/models/dbtcloud.md
  - docs/models/fivetran.md
  - docs/models/syncsequence.md
  - docs/models/triggers.md
  - docs/models/sync.md
  - docs/models/listsyncsrequest.md
  - docs/models/listsyncsresponse.md
  - docs/models/syncliststatus.md
  - docs/models/synclist.md
  - docs/models/triggersyncrequest.md
  - docs/models/triggersyncresponse.md
  - docs/models/synctriggerdata.md
  - docs/models/synctriggerstatus.md
  - docs/models/synctrigger.md
  - docs/models/updatesyncrequest.md
  - docs/models/updatesyncstatus.md
  - docs/models/updatesyncresponsebody.md
  - docs/models/updatesyncresponse.md
  - docs/models/syncupdatestatus.md
  - docs/models/syncupdate.md
  - docs/models/role.md
  - docs/models/invitation.md
  - docs/models/security.md
  - docs/sdks/workspacemanagementapi/README.md
  - docs/sdks/connectors/README.md
  - docs/sdks/destinationsconnectlinks/README.md
  - docs/sdks/destinations/README.md
  - docs/sdks/sources/README.md
  - docs/sdks/segments/README.md
  - docs/sdks/models/README.md
  - docs/sdks/objects/README.md
  - docs/sdks/tables/README.md
  - docs/sdks/syncruns/README.md
  - docs/sdks/syncs/README.md
  - USAGE.md
  - .gitattributes
